{
    "_readme": [
        "This file locks the dependencies of your project to a known state",
        "Read more about it at https://getcomposer.org/doc/01-basic-usage.md#composer-lock-the-lock-file",
        "This file is @generated automatically"
    ],
    "content-hash": "b3d259e6c35bd1bf3caedff2e9e3e813",
    "packages": [
        {
            "name": "aura/di",
            "version": "3.2.0",
            "source": {
                "type": "git",
                "url": "https://github.com/auraphp/Aura.Di.git",
                "reference": "76824bdeae99e46e6ae06f29e4bdf86063da86b9"
            },
            "dist": {
                "type": "zip",
                "url": "https://api.github.com/repos/auraphp/Aura.Di/zipball/76824bdeae99e46e6ae06f29e4bdf86063da86b9",
                "reference": "76824bdeae99e46e6ae06f29e4bdf86063da86b9",
                "shasum": ""
            },
            "require": {
                "container-interop/container-interop": "~1.0",
                "php": ">=5.5.0"
            },
            "provide": {
                "container-interop/container-interop-implementation": "^1.0"
            },
            "require-dev": {
                "acclimate/container": "~1.0",
                "mouf/picotainer": "~1.0"
            },
            "type": "library",
            "autoload": {
                "psr-4": {
                    "Aura\\Di\\": "src/"
                }
            },
            "notification-url": "https://packagist.org/downloads/",
            "license": [
                "MIT"
            ],
            "authors": [
                {
                    "name": "Aura.Di Contributors",
                    "homepage": "https://github.com/auraphp/Aura.Di/contributors"
                }
            ],
            "description": "A serializable dependency injection container with constructor and setter injection, interface and trait awareness, configuration inheritance, and much more.",
            "homepage": "https://github.com/auraphp/Aura.Di",
            "keywords": [
                "container",
                "dependency injection",
                "dependency injection container",
                "di",
                "di container"
            ],
            "time": "2016-10-04T15:52:29+00:00"
        },
        {
            "name": "container-interop/container-interop",
            "version": "1.1.0",
            "source": {
                "type": "git",
                "url": "https://github.com/container-interop/container-interop.git",
                "reference": "fc08354828f8fd3245f77a66b9e23a6bca48297e"
            },
            "dist": {
                "type": "zip",
                "url": "https://api.github.com/repos/container-interop/container-interop/zipball/fc08354828f8fd3245f77a66b9e23a6bca48297e",
                "reference": "fc08354828f8fd3245f77a66b9e23a6bca48297e",
                "shasum": ""
            },
            "type": "library",
            "autoload": {
                "psr-4": {
                    "Interop\\Container\\": "src/Interop/Container/"
                }
            },
            "notification-url": "https://packagist.org/downloads/",
            "license": [
                "MIT"
            ],
            "description": "Promoting the interoperability of container objects (DIC, SL, etc.)",
            "time": "2014-12-30T15:22:37+00:00"
        },
        {
            "name": "doctrine/annotations",
            "version": "v1.3.1",
            "source": {
                "type": "git",
                "url": "https://github.com/doctrine/annotations.git",
                "reference": "bd4461328621bde0ae6b1b2675fbc6aca4ceb558"
            },
            "dist": {
                "type": "zip",
                "url": "https://api.github.com/repos/doctrine/annotations/zipball/bd4461328621bde0ae6b1b2675fbc6aca4ceb558",
                "reference": "bd4461328621bde0ae6b1b2675fbc6aca4ceb558",
                "shasum": ""
            },
            "require": {
                "doctrine/lexer": "1.*",
                "php": "^5.6 || ^7.0"
            },
            "require-dev": {
                "doctrine/cache": "1.*",
                "phpunit/phpunit": "^5.6.1"
            },
            "type": "library",
            "extra": {
                "branch-alias": {
                    "dev-master": "1.4.x-dev"
                }
            },
            "autoload": {
                "psr-4": {
                    "Doctrine\\Common\\Annotations\\": "lib/Doctrine/Common/Annotations"
                }
            },
            "notification-url": "https://packagist.org/downloads/",
            "license": [
                "MIT"
            ],
            "authors": [
                {
                    "name": "Roman Borschel",
                    "email": "roman@code-factory.org"
                },
                {
                    "name": "Benjamin Eberlei",
                    "email": "kontakt@beberlei.de"
                },
                {
                    "name": "Guilherme Blanco",
                    "email": "guilhermeblanco@gmail.com"
                },
                {
                    "name": "Jonathan Wage",
                    "email": "jonwage@gmail.com"
                },
                {
                    "name": "Johannes Schmitt",
                    "email": "schmittjoh@gmail.com"
                }
            ],
            "description": "Docblock Annotations Parser",
            "homepage": "http://www.doctrine-project.org",
            "keywords": [
                "annotations",
                "docblock",
                "parser"
            ],
            "time": "2016-12-30T15:59:45+00:00"
        },
        {
            "name": "doctrine/cache",
            "version": "v1.6.1",
            "source": {
                "type": "git",
                "url": "https://github.com/doctrine/cache.git",
                "reference": "b6f544a20f4807e81f7044d31e679ccbb1866dc3"
            },
            "dist": {
                "type": "zip",
                "url": "https://api.github.com/repos/doctrine/cache/zipball/b6f544a20f4807e81f7044d31e679ccbb1866dc3",
                "reference": "b6f544a20f4807e81f7044d31e679ccbb1866dc3",
                "shasum": ""
            },
            "require": {
                "php": "~5.5|~7.0"
            },
            "conflict": {
                "doctrine/common": ">2.2,<2.4"
            },
            "require-dev": {
                "phpunit/phpunit": "~4.8|~5.0",
                "predis/predis": "~1.0",
                "satooshi/php-coveralls": "~0.6"
            },
            "type": "library",
            "extra": {
                "branch-alias": {
                    "dev-master": "1.6.x-dev"
                }
            },
            "autoload": {
                "psr-4": {
                    "Doctrine\\Common\\Cache\\": "lib/Doctrine/Common/Cache"
                }
            },
            "notification-url": "https://packagist.org/downloads/",
            "license": [
                "MIT"
            ],
            "authors": [
                {
                    "name": "Roman Borschel",
                    "email": "roman@code-factory.org"
                },
                {
                    "name": "Benjamin Eberlei",
                    "email": "kontakt@beberlei.de"
                },
                {
                    "name": "Guilherme Blanco",
                    "email": "guilhermeblanco@gmail.com"
                },
                {
                    "name": "Jonathan Wage",
                    "email": "jonwage@gmail.com"
                },
                {
                    "name": "Johannes Schmitt",
                    "email": "schmittjoh@gmail.com"
                }
            ],
            "description": "Caching library offering an object-oriented API for many cache backends",
            "homepage": "http://www.doctrine-project.org",
            "keywords": [
                "cache",
                "caching"
            ],
            "time": "2016-10-29T11:16:17+00:00"
        },
        {
            "name": "doctrine/lexer",
            "version": "v1.0.1",
            "source": {
                "type": "git",
                "url": "https://github.com/doctrine/lexer.git",
                "reference": "83893c552fd2045dd78aef794c31e694c37c0b8c"
            },
            "dist": {
                "type": "zip",
                "url": "https://api.github.com/repos/doctrine/lexer/zipball/83893c552fd2045dd78aef794c31e694c37c0b8c",
                "reference": "83893c552fd2045dd78aef794c31e694c37c0b8c",
                "shasum": ""
            },
            "require": {
                "php": ">=5.3.2"
            },
            "type": "library",
            "extra": {
                "branch-alias": {
                    "dev-master": "1.0.x-dev"
                }
            },
            "autoload": {
                "psr-0": {
                    "Doctrine\\Common\\Lexer\\": "lib/"
                }
            },
            "notification-url": "https://packagist.org/downloads/",
            "license": [
                "MIT"
            ],
            "authors": [
                {
                    "name": "Roman Borschel",
                    "email": "roman@code-factory.org"
                },
                {
                    "name": "Guilherme Blanco",
                    "email": "guilhermeblanco@gmail.com"
                },
                {
                    "name": "Johannes Schmitt",
                    "email": "schmittjoh@gmail.com"
                }
            ],
            "description": "Base library for a lexer that can be used in Top-Down, Recursive Descent Parsers.",
            "homepage": "http://www.doctrine-project.org",
            "keywords": [
                "lexer",
                "parser"
            ],
            "time": "2014-09-09T13:34:57+00:00"
        },
        {
            "name": "illuminate/container",
            "version": "5.4.x-dev",
            "source": {
                "type": "git",
                "url": "https://github.com/illuminate/container.git",
                "reference": "d5489bc59e090b8e9fbe124e99a269eb87a8c7fa"
            },
            "dist": {
                "type": "zip",
                "url": "https://api.github.com/repos/illuminate/container/zipball/d5489bc59e090b8e9fbe124e99a269eb87a8c7fa",
                "reference": "d5489bc59e090b8e9fbe124e99a269eb87a8c7fa",
                "shasum": ""
            },
            "require": {
                "illuminate/contracts": "5.4.*",
                "php": ">=5.6.4"
            },
            "type": "library",
            "extra": {
                "branch-alias": {
                    "dev-master": "5.4-dev"
                }
            },
            "autoload": {
                "psr-4": {
                    "Illuminate\\Container\\": ""
                }
            },
            "notification-url": "https://packagist.org/downloads/",
            "license": [
                "MIT"
            ],
            "authors": [
                {
                    "name": "Taylor Otwell",
                    "email": "taylor@laravel.com"
                }
            ],
            "description": "The Illuminate Container package.",
            "homepage": "https://laravel.com",
            "time": "2017-01-04 14:36:48"
        },
        {
            "name": "illuminate/contracts",
            "version": "5.4.x-dev",
            "source": {
                "type": "git",
                "url": "https://github.com/illuminate/contracts.git",
                "reference": "a6c5128b46383fed416925f1b7d2bcba68e8595a"
            },
            "dist": {
                "type": "zip",
                "url": "https://api.github.com/repos/illuminate/contracts/zipball/a6c5128b46383fed416925f1b7d2bcba68e8595a",
                "reference": "a6c5128b46383fed416925f1b7d2bcba68e8595a",
                "shasum": ""
            },
            "require": {
                "php": ">=5.6.4"
            },
            "type": "library",
            "extra": {
                "branch-alias": {
                    "dev-master": "5.4-dev"
                }
            },
            "autoload": {
                "psr-4": {
                    "Illuminate\\Contracts\\": ""
                }
            },
            "notification-url": "https://packagist.org/downloads/",
            "license": [
                "MIT"
            ],
            "authors": [
                {
                    "name": "Taylor Otwell",
                    "email": "taylor@laravel.com"
                }
            ],
            "description": "The Illuminate Contracts package.",
            "homepage": "https://laravel.com",
            "time": "2017-01-02 20:15:25"
        },
        {
            "name": "level-2/dice",
            "version": "dev-master",
            "source": {
                "type": "git",
                "url": "https://github.com/Level-2/Dice.git",
                "reference": "97551e1c720cb1ae7b4a2cb751768584110b515f"
            },
            "dist": {
                "type": "zip",
                "url": "https://api.github.com/repos/Level-2/Dice/zipball/97551e1c720cb1ae7b4a2cb751768584110b515f",
                "reference": "97551e1c720cb1ae7b4a2cb751768584110b515f",
                "shasum": ""
            },
            "require": {
                "php": ">=5.6.0"
            },
            "type": "library",
            "autoload": {
                "psr-4": {
                    "Dice\\": "./"
                }
            },
            "notification-url": "https://packagist.org/downloads/",
            "license": [
                "BSD-2-Clause"
            ],
            "authors": [
                {
                    "name": "Tom Butler",
                    "email": "tom@r.je"
                }
            ],
            "description": "A minimalist Dependency injection container (DIC) for PHP. Please note: This branch is only compatible with PHP5.6. 5.5, 5.4 and 5.3 compatible version is available as a separate branch on github. ",
            "homepage": "http://r.je/dice.html",
            "keywords": [
                "dependency injection",
                "dependency injection container",
                "di",
                "ioc"
            ],
            "time": "2016-12-15 14:50:33"
        },
        {
            "name": "php-di/invoker",
            "version": "1.3.3",
            "source": {
                "type": "git",
                "url": "https://github.com/PHP-DI/Invoker.git",
                "reference": "1f4ca63b9abc66109e53b255e465d0ddb5c2e3f7"
            },
            "dist": {
                "type": "zip",
                "url": "https://api.github.com/repos/PHP-DI/Invoker/zipball/1f4ca63b9abc66109e53b255e465d0ddb5c2e3f7",
                "reference": "1f4ca63b9abc66109e53b255e465d0ddb5c2e3f7",
                "shasum": ""
            },
            "require": {
                "container-interop/container-interop": "~1.1"
            },
            "require-dev": {
                "athletic/athletic": "~0.1.8",
                "phpunit/phpunit": "~4.5"
            },
            "type": "library",
            "autoload": {
                "psr-4": {
                    "Invoker\\": "src/"
                }
            },
            "notification-url": "https://packagist.org/downloads/",
            "license": [
                "MIT"
            ],
            "description": "Generic and extensible callable invoker",
            "homepage": "https://github.com/PHP-DI/Invoker",
            "keywords": [
                "callable",
                "dependency",
                "dependency-injection",
                "injection",
                "invoke",
                "invoker"
            ],
            "time": "2016-07-14T13:09:58+00:00"
        },
        {
            "name": "php-di/php-di",
            "version": "5.4.0",
            "source": {
                "type": "git",
                "url": "https://github.com/PHP-DI/PHP-DI.git",
                "reference": "e348393488fa909e4bc0707ba5c9c44cd602a1cb"
            },
            "dist": {
                "type": "zip",
                "url": "https://api.github.com/repos/PHP-DI/PHP-DI/zipball/e348393488fa909e4bc0707ba5c9c44cd602a1cb",
                "reference": "e348393488fa909e4bc0707ba5c9c44cd602a1cb",
                "shasum": ""
            },
            "require": {
                "container-interop/container-interop": "~1.0",
                "php": ">=5.5.0",
                "php-di/invoker": "^1.3.2",
                "php-di/phpdoc-reader": "^2.0.1"
            },
            "provide": {
                "container-interop/container-interop-implementation": "^1.0"
            },
            "replace": {
                "mnapoli/php-di": "*"
            },
            "require-dev": {
                "doctrine/annotations": "~1.2",
                "doctrine/cache": "~1.4",
                "mnapoli/phpunit-easymock": "~0.2.0",
                "ocramius/proxy-manager": "~1.0|~2.0",
                "phpunit/phpunit": "~4.5"
            },
            "suggest": {
                "doctrine/annotations": "Install it if you want to use annotations (version ~1.2)",
                "doctrine/cache": "Install it if you want to use the cache (version ~1.4)",
                "ocramius/proxy-manager": "Install it if you want to use lazy injection (version ~1.0 or ~2.0)"
            },
            "type": "library",
            "autoload": {
                "psr-4": {
                    "DI\\": "src/DI/"
                },
                "files": [
                    "src/DI/functions.php"
                ]
            },
            "notification-url": "https://packagist.org/downloads/",
            "license": [
                "MIT"
            ],
            "description": "The dependency injection container for humans",
            "homepage": "http://php-di.org/",
            "keywords": [
                "container",
                "dependency injection",
                "di"
            ],
            "time": "2016-08-23T20:18:00+00:00"
        },
        {
            "name": "php-di/phpdoc-reader",
            "version": "2.0.1",
            "source": {
                "type": "git",
                "url": "https://github.com/PHP-DI/PhpDocReader.git",
                "reference": "83f5ead159defccfa8e7092e5b6c1c533b326d68"
            },
            "dist": {
                "type": "zip",
                "url": "https://api.github.com/repos/PHP-DI/PhpDocReader/zipball/83f5ead159defccfa8e7092e5b6c1c533b326d68",
                "reference": "83f5ead159defccfa8e7092e5b6c1c533b326d68",
                "shasum": ""
            },
            "require": {
                "php": ">=5.3.0"
            },
            "require-dev": {
                "phpunit/phpunit": "~4.6"
            },
            "type": "library",
            "autoload": {
                "psr-4": {
                    "PhpDocReader\\": "src/PhpDocReader"
                }
            },
            "notification-url": "https://packagist.org/downloads/",
            "license": [
                "MIT"
            ],
            "description": "PhpDocReader parses @var and @param values in PHP docblocks (supports namespaced class names with the same resolution rules as PHP)",
            "keywords": [
                "phpdoc",
                "reflection"
            ],
            "time": "2015-11-29T10:34:25+00:00"
        },
        {
            "name": "phpixie/di",
            "version": "3.2",
            "source": {
                "type": "git",
                "url": "https://github.com/PHPixie/DI.git",
                "reference": "05747762f01142c4eb312a4d4aa281ff0be47a60"
            },
            "dist": {
                "type": "zip",
                "url": "https://api.github.com/repos/PHPixie/DI/zipball/05747762f01142c4eb312a4d4aa281ff0be47a60",
                "reference": "05747762f01142c4eb312a4d4aa281ff0be47a60",
                "shasum": ""
            },
            "require-dev": {
                "phpixie/test": "~3.0"
            },
            "type": "library",
            "extra": {
                "branch-alias": {
                    "dev-master": "3.x-dev"
                }
            },
            "autoload": {
                "psr-4": {
                    "PHPixie\\": "src/PHPixie",
                    "PHPixie\\Tests\\": "tests/PHPixie/Tests"
                }
            },
            "notification-url": "https://packagist.org/downloads/",
            "license": [
                "BSD"
            ],
            "authors": [
                {
                    "name": "Roman Tsiupa",
                    "email": "draconyster@gmail.com",
                    "homepage": "http://dracony.org"
                }
            ],
            "description": "Dependency injection container for PHPixie",
            "homepage": "http://phpixie.com",
            "keywords": [
                "dependency injection",
                "di"
            ],
            "time": "2016-05-25T09:21:03+00:00"
        },
        {
            "name": "pimple/pimple",
            "version": "v3.0.2",
            "source": {
                "type": "git",
                "url": "https://github.com/silexphp/Pimple.git",
                "reference": "a30f7d6e57565a2e1a316e1baf2a483f788b258a"
            },
            "dist": {
                "type": "zip",
                "url": "https://api.github.com/repos/silexphp/Pimple/zipball/a30f7d6e57565a2e1a316e1baf2a483f788b258a",
                "reference": "a30f7d6e57565a2e1a316e1baf2a483f788b258a",
                "shasum": ""
            },
            "require": {
                "php": ">=5.3.0"
            },
            "type": "library",
            "extra": {
                "branch-alias": {
                    "dev-master": "3.0.x-dev"
                }
            },
            "autoload": {
                "psr-0": {
                    "Pimple": "src/"
                }
            },
            "notification-url": "https://packagist.org/downloads/",
            "license": [
                "MIT"
            ],
            "authors": [
                {
                    "name": "Fabien Potencier",
                    "email": "fabien@symfony.com"
                }
            ],
            "description": "Pimple, a simple Dependency Injection Container",
            "homepage": "http://pimple.sensiolabs.org",
            "keywords": [
                "container",
                "dependency injection"
            ],
            "time": "2015-09-11T15:10:35+00:00"
        },
        {
            "name": "rdlowrey/auryn",
            "version": "v1.4.0",
            "source": {
                "type": "git",
                "url": "https://github.com/rdlowrey/auryn.git",
                "reference": "2e4240791162dfe073d59654d8dc06df0eb0b73f"
            },
            "dist": {
                "type": "zip",
                "url": "https://api.github.com/repos/rdlowrey/auryn/zipball/2e4240791162dfe073d59654d8dc06df0eb0b73f",
                "reference": "2e4240791162dfe073d59654d8dc06df0eb0b73f",
                "shasum": ""
            },
            "require": {
                "php": ">=5.3.0"
            },
            "require-dev": {
                "athletic/athletic": "~0.1",
                "fabpot/php-cs-fixer": "~1.9",
                "phpunit/phpunit": "^4.7"
            },
            "type": "library",
            "autoload": {
                "psr-4": {
                    "Auryn\\": "lib/"
                }
            },
            "notification-url": "https://packagist.org/downloads/",
            "license": [
                "MIT"
            ],
            "authors": [
                {
                    "name": "Dan Ackroyd",
                    "email": "Danack@basereality.com",
                    "homepage": "http://www.basereality.com",
                    "role": "Developer"
                },
                {
                    "name": "Levi Morrison",
                    "email": "levim@php.net",
                    "homepage": "http://morrisonlevi.github.com/",
                    "role": "Developer"
                },
                {
                    "name": "Daniel Lowrey",
                    "email": "rdlowrey@gmail.com",
                    "homepage": "https://github.com/rdlowrey",
                    "role": "Creator / Main Developer"
                }
            ],
            "description": "Auryn is a dependency injector for bootstrapping object-oriented PHP applications.",
            "homepage": "https://github.com/rdlowrey/auryn",
            "keywords": [
                "dependency injection",
                "dic",
                "ioc"
            ],
            "time": "2016-03-14T20:10:19+00:00"
        },
        {
            "name": "symfony/config",
            "version": "v3.2.1",
            "source": {
                "type": "git",
                "url": "https://github.com/symfony/config.git",
                "reference": "b4ec9f099599cfc5b7f4d07bb2e910781a2be5e4"
            },
            "dist": {
                "type": "zip",
                "url": "https://api.github.com/repos/symfony/config/zipball/b4ec9f099599cfc5b7f4d07bb2e910781a2be5e4",
                "reference": "b4ec9f099599cfc5b7f4d07bb2e910781a2be5e4",
                "shasum": ""
            },
            "require": {
                "php": ">=5.5.9",
                "symfony/filesystem": "~2.8|~3.0"
            },
            "require-dev": {
                "symfony/yaml": "~3.0"
            },
            "suggest": {
                "symfony/yaml": "To use the yaml reference dumper"
            },
            "type": "library",
            "extra": {
                "branch-alias": {
                    "dev-master": "3.2-dev"
                }
            },
            "autoload": {
                "psr-4": {
                    "Symfony\\Component\\Config\\": ""
                },
                "exclude-from-classmap": [
                    "/Tests/"
                ]
            },
            "notification-url": "https://packagist.org/downloads/",
            "license": [
                "MIT"
            ],
            "authors": [
                {
                    "name": "Fabien Potencier",
                    "email": "fabien@symfony.com"
                },
                {
                    "name": "Symfony Community",
                    "homepage": "https://symfony.com/contributors"
                }
            ],
            "description": "Symfony Config Component",
            "homepage": "https://symfony.com",
            "time": "2016-12-09T07:45:17+00:00"
        },
        {
            "name": "symfony/dependency-injection",
            "version": "v3.2.1",
            "source": {
                "type": "git",
                "url": "https://github.com/symfony/dependency-injection.git",
                "reference": "037054501c41007c93b6de1b5c7a7acb83523593"
            },
            "dist": {
                "type": "zip",
                "url": "https://api.github.com/repos/symfony/dependency-injection/zipball/037054501c41007c93b6de1b5c7a7acb83523593",
                "reference": "037054501c41007c93b6de1b5c7a7acb83523593",
                "shasum": ""
            },
            "require": {
                "php": ">=5.5.9"
            },
            "conflict": {
                "symfony/yaml": "<3.2"
            },
            "require-dev": {
                "symfony/config": "~2.8|~3.0",
                "symfony/expression-language": "~2.8|~3.0",
                "symfony/yaml": "~3.2"
            },
            "suggest": {
                "symfony/config": "",
                "symfony/expression-language": "For using expressions in service container configuration",
                "symfony/proxy-manager-bridge": "Generate service proxies to lazy load them",
                "symfony/yaml": ""
            },
            "type": "library",
            "extra": {
                "branch-alias": {
                    "dev-master": "3.2-dev"
                }
            },
            "autoload": {
                "psr-4": {
                    "Symfony\\Component\\DependencyInjection\\": ""
                },
                "exclude-from-classmap": [
                    "/Tests/"
                ]
            },
            "notification-url": "https://packagist.org/downloads/",
            "license": [
                "MIT"
            ],
            "authors": [
                {
                    "name": "Fabien Potencier",
                    "email": "fabien@symfony.com"
                },
                {
                    "name": "Symfony Community",
                    "homepage": "https://symfony.com/contributors"
                }
            ],
            "description": "Symfony DependencyInjection Component",
            "homepage": "https://symfony.com",
            "time": "2016-12-08T15:27:33+00:00"
        },
        {
            "name": "symfony/filesystem",
            "version": "v3.2.1",
            "source": {
                "type": "git",
                "url": "https://github.com/symfony/filesystem.git",
                "reference": "8d4cf7561a5b17e5eb7a02b80d0b8f014a3796d4"
            },
            "dist": {
                "type": "zip",
                "url": "https://api.github.com/repos/symfony/filesystem/zipball/8d4cf7561a5b17e5eb7a02b80d0b8f014a3796d4",
                "reference": "8d4cf7561a5b17e5eb7a02b80d0b8f014a3796d4",
                "shasum": ""
            },
            "require": {
                "php": ">=5.5.9"
            },
            "type": "library",
            "extra": {
                "branch-alias": {
                    "dev-master": "3.2-dev"
                }
            },
            "autoload": {
                "psr-4": {
                    "Symfony\\Component\\Filesystem\\": ""
                },
                "exclude-from-classmap": [
                    "/Tests/"
                ]
            },
            "notification-url": "https://packagist.org/downloads/",
            "license": [
                "MIT"
            ],
            "authors": [
                {
                    "name": "Fabien Potencier",
                    "email": "fabien@symfony.com"
                },
                {
                    "name": "Symfony Community",
                    "homepage": "https://symfony.com/contributors"
                }
            ],
            "description": "Symfony Filesystem Component",
            "homepage": "https://symfony.com",
            "time": "2016-11-24T00:46:43+00:00"
        },
        {
            "name": "woohoolabs/zen",
            "version": "1.2.2",
            "source": {
                "type": "git",
                "url": "https://github.com/woohoolabs/zen.git",
                "reference": "bbbe8d5e7564481a3984660ae74daa7ac31ceaf5"
            },
            "dist": {
                "type": "zip",
                "url": "https://api.github.com/repos/woohoolabs/zen/zipball/bbbe8d5e7564481a3984660ae74daa7ac31ceaf5",
                "reference": "bbbe8d5e7564481a3984660ae74daa7ac31ceaf5",
                "shasum": ""
            },
            "require": {
                "container-interop/container-interop": "^1.1.0",
                "doctrine/annotations": "^1.2.6",
                "php": "^7.0.0",
                "php-di/phpdoc-reader": "^2.0.1"
            },
            "provide": {
                "container-interop/container-interop-implementation": "^1.0"
            },
            "require-dev": {
                "phpunit/phpunit": "^5.4.0",
                "squizlabs/php_codesniffer": "^2.1.1"
            },
            "suggest": {
                "doctrine/annotations": "^1.2.0"
            },
            "bin": [
                "bin/zen"
            ],
            "type": "library",
            "autoload": {
                "psr-4": {
                    "WoohooLabs\\Zen\\": "src/"
                }
            },
            "notification-url": "https://packagist.org/downloads/",
            "license": [
                "MIT"
            ],
            "authors": [
                {
                    "name": "Máté Kocsis",
                    "email": "kocsismate@woohoolabs.com"
                }
            ],
            "description": "Woohoo Labs. Zen DI Container",
            "keywords": [
                "Woohoo Labs.",
                "di",
                "dic"
            ],
            "time": "2017-01-05T13:04:12+00:00"
        },
        {
            "name": "zendframework/zend-servicemanager",
            "version": "3.2.0",
            "source": {
                "type": "git",
                "url": "https://github.com/zendframework/zend-servicemanager.git",
                "reference": "596a2cde85a92c3366514ae0f55ea32ef59536ac"
            },
            "dist": {
                "type": "zip",
                "url": "https://api.github.com/repos/zendframework/zend-servicemanager/zipball/596a2cde85a92c3366514ae0f55ea32ef59536ac",
                "reference": "596a2cde85a92c3366514ae0f55ea32ef59536ac",
                "shasum": ""
            },
            "require": {
                "container-interop/container-interop": "~1.0",
                "php": "^5.6 || ^7.0",
                "zendframework/zend-stdlib": "^3.1"
            },
            "provide": {
                "container-interop/container-interop-implementation": "^1.1"
            },
            "require-dev": {
                "mikey179/vfsstream": "^1.6",
                "ocramius/proxy-manager": "^1.0 || ^2.0",
                "phpbench/phpbench": "^0.10.0",
                "phpunit/phpunit": "^4.6 || ^5.2.10",
                "zendframework/zend-coding-standard": "~1.0.0"
            },
            "suggest": {
                "ocramius/proxy-manager": "ProxyManager 1.* to handle lazy initialization of services",
                "zendframework/zend-stdlib": "zend-stdlib ^2.5 if you wish to use the MergeReplaceKey or MergeRemoveKey features in Config instances"
            },
            "bin": [
                "bin/generate-deps-for-config-factory",
                "bin/generate-factory-for-class"
            ],
            "type": "library",
            "extra": {
                "branch-alias": {
                    "dev-master": "3.2-dev",
                    "dev-develop": "3.3-dev"
                }
            },
            "autoload": {
                "psr-4": {
                    "Zend\\ServiceManager\\": "src/"
                }
            },
            "notification-url": "https://packagist.org/downloads/",
            "license": [
                "BSD-3-Clause"
            ],
            "homepage": "https://github.com/zendframework/zend-servicemanager",
            "keywords": [
                "service-manager",
                "servicemanager",
                "zf"
            ],
            "time": "2016-12-19T20:04:51+00:00"
        },
        {
            "name": "zendframework/zend-stdlib",
            "version": "3.1.0",
            "source": {
                "type": "git",
                "url": "https://github.com/zendframework/zend-stdlib.git",
                "reference": "debedcfc373a293f9250cc9aa03cf121428c8e78"
            },
            "dist": {
                "type": "zip",
                "url": "https://api.github.com/repos/zendframework/zend-stdlib/zipball/debedcfc373a293f9250cc9aa03cf121428c8e78",
                "reference": "debedcfc373a293f9250cc9aa03cf121428c8e78",
                "shasum": ""
            },
            "require": {
                "php": "^5.6 || ^7.0"
            },
            "require-dev": {
                "athletic/athletic": "~0.1",
                "phpunit/phpunit": "~4.0",
                "squizlabs/php_codesniffer": "^2.6.2"
            },
            "type": "library",
            "extra": {
                "branch-alias": {
                    "dev-master": "3.1-dev",
                    "dev-develop": "3.2-dev"
                }
            },
            "autoload": {
                "psr-4": {
                    "Zend\\Stdlib\\": "src/"
                }
            },
            "notification-url": "https://packagist.org/downloads/",
            "license": [
                "BSD-3-Clause"
            ],
            "homepage": "https://github.com/zendframework/zend-stdlib",
            "keywords": [
                "stdlib",
                "zf2"
            ],
            "time": "2016-09-13T14:38:50+00:00"
        }
    ],
    "packages-dev": [],
    "aliases": [],
    "minimum-stability": "stable",
    "stability-flags": {
        "illuminate/container": 20,
        "illuminate/contracts": 20,
        "level-2/dice": 20
    },
    "prefer-stable": false,
    "prefer-lowest": false,
    "platform": {
        "php": "^7.1"
    },
    "platform-dev": [],
    "platform-overrides": {
        "php": "7.1"
    }
}
